
Microsoft Visual Studio Solution File, Format Version 12.00
# Visual Studio Version 17
VisualStudioVersion = 17.0.31903.59
MinimumVisualStudioVersion = 10.0.40219.1
Project("{2150E333-8FDC-42A3-9474-1A3956D46DE8}") = "src", "src", "{503135E5-78A1-4453-AE41-32CE7C8A1782}"
EndProject
Project("{9A19103F-16F7-4668-BE54-9A1E7A4F7556}") = "StarLs.Api", "src\StarLs.Api\StarLs.Api.csproj", "{680BC202-8803-4B9D-8B45-23F9909FC55F}"
EndProject
Project("{9A19103F-16F7-4668-BE54-9A1E7A4F7556}") = "StarLs.Application", "src\StarLs.Application\StarLs.Application.csproj", "{763BB437-1E5F-4552-87BA-A86AAF3EA118}"
EndProject
Project("{9A19103F-16F7-4668-BE54-9A1E7A4F7556}") = "StarLs.Core", "src\StarLs.Core\StarLs.Core.csproj", "{70A92902-9C4A-4EA8-86B2-00A28C14C5E6}"
EndProject
Project("{9A19103F-16F7-4668-BE54-9A1E7A4F7556}") = "StarLs.Infra", "src\StarLs.Infra\StarLs.Infra.csproj", "{9FD76A76-B7EC-4328-AE44-233F81AFC4A8}"
EndProject
Project("{9A19103F-16F7-4668-BE54-9A1E7A4F7556}") = "StarLs.SeedDataBase", "src\StarLs.SeedDataBase\StarLs.SeedDataBase.csproj", "{26FAFB44-1FB6-414B-91DF-466811ACEAC6}"
EndProject
Project("{9A19103F-16F7-4668-BE54-9A1E7A4F7556}") = "StarLs.Tests", "src\StarLs.Tests\StarLs.Tests.csproj", "{78E16B5A-D9F1-4371-9182-64530981BBCF}"
EndProject
Global
	GlobalSection(SolutionConfigurationPlatforms) = preSolution
		Debug|Any CPU = Debug|Any CPU
		Release|Any CPU = Release|Any CPU
	EndGlobalSection
	GlobalSection(ProjectConfigurationPlatforms) = postSolution
		{680BC202-8803-4B9D-8B45-23F9909FC55F}.Debug|Any CPU.ActiveCfg = Debug|Any CPU
		{680BC202-8803-4B9D-8B45-23F9909FC55F}.Debug|Any CPU.Build.0 = Debug|Any CPU
		{680BC202-8803-4B9D-8B45-23F9909FC55F}.Release|Any CPU.ActiveCfg = Release|Any CPU
		{680BC202-8803-4B9D-8B45-23F9909FC55F}.Release|Any CPU.Build.0 = Release|Any CPU
		{763BB437-1E5F-4552-87BA-A86AAF3EA118}.Debug|Any CPU.ActiveCfg = Debug|Any CPU
		{763BB437-1E5F-4552-87BA-A86AAF3EA118}.Debug|Any CPU.Build.0 = Debug|Any CPU
		{763BB437-1E5F-4552-87BA-A86AAF3EA118}.Release|Any CPU.ActiveCfg = Release|Any CPU
		{763BB437-1E5F-4552-87BA-A86AAF3EA118}.Release|Any CPU.Build.0 = Release|Any CPU
		{70A92902-9C4A-4EA8-86B2-00A28C14C5E6}.Debug|Any CPU.ActiveCfg = Debug|Any CPU
		{70A92902-9C4A-4EA8-86B2-00A28C14C5E6}.Debug|Any CPU.Build.0 = Debug|Any CPU
		{70A92902-9C4A-4EA8-86B2-00A28C14C5E6}.Release|Any CPU.ActiveCfg = Release|Any CPU
		{70A92902-9C4A-4EA8-86B2-00A28C14C5E6}.Release|Any CPU.Build.0 = Release|Any CPU
		{9FD76A76-B7EC-4328-AE44-233F81AFC4A8}.Debug|Any CPU.ActiveCfg = Debug|Any CPU
		{9FD76A76-B7EC-4328-AE44-233F81AFC4A8}.Debug|Any CPU.Build.0 = Debug|Any CPU
		{9FD76A76-B7EC-4328-AE44-233F81AFC4A8}.Release|Any CPU.ActiveCfg = Release|Any CPU
		{9FD76A76-B7EC-4328-AE44-233F81AFC4A8}.Release|Any CPU.Build.0 = Release|Any CPU
		{26FAFB44-1FB6-414B-91DF-466811ACEAC6}.Debug|Any CPU.ActiveCfg = Debug|Any CPU
		{26FAFB44-1FB6-414B-91DF-466811ACEAC6}.Debug|Any CPU.Build.0 = Debug|Any CPU
		{26FAFB44-1FB6-414B-91DF-466811ACEAC6}.Release|Any CPU.ActiveCfg = Release|Any CPU
		{26FAFB44-1FB6-414B-91DF-466811ACEAC6}.Release|Any CPU.Build.0 = Release|Any CPU
		{78E16B5A-D9F1-4371-9182-64530981BBCF}.Debug|Any CPU.ActiveCfg = Debug|Any CPU
		{78E16B5A-D9F1-4371-9182-64530981BBCF}.Debug|Any CPU.Build.0 = Debug|Any CPU
		{78E16B5A-D9F1-4371-9182-64530981BBCF}.Release|Any CPU.ActiveCfg = Release|Any CPU
		{78E16B5A-D9F1-4371-9182-64530981BBCF}.Release|Any CPU.Build.0 = Release|Any CPU
	EndGlobalSection
	GlobalSection(SolutionProperties) = preSolution
		HideSolutionNode = FALSE
	EndGlobalSection
	GlobalSection(NestedProjects) = preSolution
		{680BC202-8803-4B9D-8B45-23F9909FC55F} = {503135E5-78A1-4453-AE41-32CE7C8A1782}
		{763BB437-1E5F-4552-87BA-A86AAF3EA118} = {503135E5-78A1-4453-AE41-32CE7C8A1782}
		{70A92902-9C4A-4EA8-86B2-00A28C14C5E6} = {503135E5-78A1-4453-AE41-32CE7C8A1782}
		{9FD76A76-B7EC-4328-AE44-233F81AFC4A8} = {503135E5-78A1-4453-AE41-32CE7C8A1782}
		{26FAFB44-1FB6-414B-91DF-466811ACEAC6} = {503135E5-78A1-4453-AE41-32CE7C8A1782}
		{78E16B5A-D9F1-4371-9182-64530981BBCF} = {503135E5-78A1-4453-AE41-32CE7C8A1782}
	EndGlobalSection
	GlobalSection(ExtensibilityGlobals) = postSolution
		SolutionGuid = {6F44105D-F69F-4AA0-B245-3C34FE3DBE5F}
	EndGlobalSection
EndGlobal
